
Microsoft Visual Studio Solution File, Format Version 12.00
# Visual Studio Version 17
VisualStudioVersion = 17.4.33213.308
MinimumVisualStudioVersion = 10.0.40219.1
Project("{FAE04EC0-301F-11D3-BF4B-00C04F79EFBC}") = "Week5LogicalOperators", "Week5LogicalOperators\Week5LogicalOperators.csproj", "{8B513804-031F-4D57-8745-482FBDAEBE2C}"
EndProject
Project("{FAE04EC0-301F-11D3-BF4B-00C04F79EFBC}") = "ANDOperator", "ANDOperator\ANDOperator.csproj", "{1AA8D471-073B-4C4D-94CD-764094B47D97}"
EndProject
Project("{FAE04EC0-301F-11D3-BF4B-00C04F79EFBC}") = "OROperator", "OROperator\OROperator.csproj", "{841FAA03-EFF6-455F-B25C-31021E843346}"
EndProject
Project("{FAE04EC0-301F-11D3-BF4B-00C04F79EFBC}") = "ANDRanges", "ANDRanges\ANDRanges.csproj", "{401F66B4-74CF-41F2-8CE2-D500FBF85097}"
EndProject
Global
	GlobalSection(SolutionConfigurationPlatforms) = preSolution
		Debug|Any CPU = Debug|Any CPU
		Release|Any CPU = Release|Any CPU
	EndGlobalSection
	GlobalSection(ProjectConfigurationPlatforms) = postSolution
		{8B513804-031F-4D57-8745-482FBDAEBE2C}.Debug|Any CPU.ActiveCfg = Debug|Any CPU
		{8B513804-031F-4D57-8745-482FBDAEBE2C}.Debug|Any CPU.Build.0 = Debug|Any CPU
		{8B513804-031F-4D57-8745-482FBDAEBE2C}.Release|Any CPU.ActiveCfg = Release|Any CPU
		{8B513804-031F-4D57-8745-482FBDAEBE2C}.Release|Any CPU.Build.0 = Release|Any CPU
		{1AA8D471-073B-4C4D-94CD-764094B47D97}.Debug|Any CPU.ActiveCfg = Debug|Any CPU
		{1AA8D471-073B-4C4D-94CD-764094B47D97}.Debug|Any CPU.Build.0 = Debug|Any CPU
		{1AA8D471-073B-4C4D-94CD-764094B47D97}.Release|Any CPU.ActiveCfg = Release|Any CPU
		{1AA8D471-073B-4C4D-94CD-764094B47D97}.Release|Any CPU.Build.0 = Release|Any CPU
		{841FAA03-EFF6-455F-B25C-31021E843346}.Debug|Any CPU.ActiveCfg = Debug|Any CPU
		{841FAA03-EFF6-455F-B25C-31021E843346}.Debug|Any CPU.Build.0 = Debug|Any CPU
		{841FAA03-EFF6-455F-B25C-31021E843346}.Release|Any CPU.ActiveCfg = Release|Any CPU
		{841FAA03-EFF6-455F-B25C-31021E843346}.Release|Any CPU.Build.0 = Release|Any CPU
		{401F66B4-74CF-41F2-8CE2-D500FBF85097}.Debug|Any CPU.ActiveCfg = Debug|Any CPU
		{401F66B4-74CF-41F2-8CE2-D500FBF85097}.Debug|Any CPU.Build.0 = Debug|Any CPU
		{401F66B4-74CF-41F2-8CE2-D500FBF85097}.Release|Any CPU.ActiveCfg = Release|Any CPU
		{401F66B4-74CF-41F2-8CE2-D500FBF85097}.Release|Any CPU.Build.0 = Release|Any CPU
	EndGlobalSection
	GlobalSection(SolutionProperties) = preSolution
		HideSolutionNode = FALSE
	EndGlobalSection
	GlobalSection(ExtensibilityGlobals) = postSolution
		SolutionGuid = {57C6181D-B64D-4128-93C3-07252787C0E5}
	EndGlobalSection
EndGlobal
